
Microsoft Visual Studio Solution File, Format Version 12.00
# Visual Studio Version 16
VisualStudioVersion = 16.0.30225.117
MinimumVisualStudioVersion = 10.0.40219.1
Project("{9A19103F-16F7-4668-BE54-9A1E7A4F7556}") = "OperadoresDeAtribuicao", "OPERADORES DE ATRIBUIÇÃO\OperadoresDeAtribuicao.csproj", "{80355A02-E542-41B3-BFAC-8896B61ABEE0}"
EndProject
Global
	GlobalSection(SolutionConfigurationPlatforms) = preSolution
		Debug|Any CPU = Debug|Any CPU
		Release|Any CPU = Release|Any CPU
	EndGlobalSection
	GlobalSection(ProjectConfigurationPlatforms) = postSolution
		{80355A02-E542-41B3-BFAC-8896B61ABEE0}.Debug|Any CPU.ActiveCfg = Debug|Any CPU
		{80355A02-E542-41B3-BFAC-8896B61ABEE0}.Debug|Any CPU.Build.0 = Debug|Any CPU
		{80355A02-E542-41B3-BFAC-8896B61ABEE0}.Release|Any CPU.ActiveCfg = Release|Any CPU
		{80355A02-E542-41B3-BFAC-8896B61ABEE0}.Release|Any CPU.Build.0 = Release|Any CPU
	EndGlobalSection
	GlobalSection(SolutionProperties) = preSolution
		HideSolutionNode = FALSE
	EndGlobalSection
	GlobalSection(ExtensibilityGlobals) = postSolution
		SolutionGuid = {3B8BAF7B-ED27-4445-BE6C-C139AF1001C2}
	EndGlobalSection
EndGlobal
